
Microsoft Visual Studio Solution File, Format Version 12.00
# Visual Studio Version 16
VisualStudioVersion = 16.0.31410.357
MinimumVisualStudioVersion = 10.0.40219.1
Project("{FAE04EC0-301F-11D3-BF4B-00C04F79EFBC}") = "BTVN", "BTVN\BTVN.csproj", "{A0254CD5-AC12-459C-9A7D-C4A38537716A}"
EndProject
Global
	GlobalSection(SolutionConfigurationPlatforms) = preSolution
		Debug|Any CPU = Debug|Any CPU
		Release|Any CPU = Release|Any CPU
	EndGlobalSection
	GlobalSection(ProjectConfigurationPlatforms) = postSolution
		{A0254CD5-AC12-459C-9A7D-C4A38537716A}.Debug|Any CPU.ActiveCfg = Debug|Any CPU
		{A0254CD5-AC12-459C-9A7D-C4A38537716A}.Debug|Any CPU.Build.0 = Debug|Any CPU
		{A0254CD5-AC12-459C-9A7D-C4A38537716A}.Release|Any CPU.ActiveCfg = Release|Any CPU
		{A0254CD5-AC12-459C-9A7D-C4A38537716A}.Release|Any CPU.Build.0 = Release|Any CPU
	EndGlobalSection
	GlobalSection(SolutionProperties) = preSolution
		HideSolutionNode = FALSE
	EndGlobalSection
	GlobalSection(ExtensibilityGlobals) = postSolution
		SolutionGuid = {3EFF026C-7CCE-4752-AC5F-A9CAC728FC0F}
	EndGlobalSection
EndGlobal
